
Microsoft Visual Studio Solution File, Format Version 12.00
# Visual Studio Version 17
VisualStudioVersion = 17.3.32922.545
MinimumVisualStudioVersion = 10.0.40219.1
Project("{FAE04EC0-301F-11D3-BF4B-00C04F79EFBC}") = "BlazorExc11", "BlazorExc11\BlazorExc11.csproj", "{72ABDCD5-D42A-46A5-91A2-9CFA38D9E3E3}"
EndProject
Global
	GlobalSection(SolutionConfigurationPlatforms) = preSolution
		Debug|Any CPU = Debug|Any CPU
		Release|Any CPU = Release|Any CPU
	EndGlobalSection
	GlobalSection(ProjectConfigurationPlatforms) = postSolution
		{72ABDCD5-D42A-46A5-91A2-9CFA38D9E3E3}.Debug|Any CPU.ActiveCfg = Debug|Any CPU
		{72ABDCD5-D42A-46A5-91A2-9CFA38D9E3E3}.Debug|Any CPU.Build.0 = Debug|Any CPU
		{72ABDCD5-D42A-46A5-91A2-9CFA38D9E3E3}.Release|Any CPU.ActiveCfg = Release|Any CPU
		{72ABDCD5-D42A-46A5-91A2-9CFA38D9E3E3}.Release|Any CPU.Build.0 = Release|Any CPU
	EndGlobalSection
	GlobalSection(SolutionProperties) = preSolution
		HideSolutionNode = FALSE
	EndGlobalSection
	GlobalSection(ExtensibilityGlobals) = postSolution
		SolutionGuid = {27EA70FA-1BC6-4D89-9BF6-B1833AF4EA8B}
	EndGlobalSection
EndGlobal
